
Microsoft Visual Studio Solution File, Format Version 12.00
# Visual Studio Version 17
VisualStudioVersion = 17.3.32825.248
MinimumVisualStudioVersion = 10.0.40219.1
Project("{FAE04EC0-301F-11D3-BF4B-00C04F79EFBC}") = "WebApplicationKurbatov", "WebApplicationKurbatov\WebApplicationKurbatov.csproj", "{24FE40D5-2A90-4D23-AC57-61E50398AFA5}"
EndProject
Global
	GlobalSection(SolutionConfigurationPlatforms) = preSolution
		Debug|Any CPU = Debug|Any CPU
		Release|Any CPU = Release|Any CPU
	EndGlobalSection
	GlobalSection(ProjectConfigurationPlatforms) = postSolution
		{24FE40D5-2A90-4D23-AC57-61E50398AFA5}.Debug|Any CPU.ActiveCfg = Debug|Any CPU
		{24FE40D5-2A90-4D23-AC57-61E50398AFA5}.Debug|Any CPU.Build.0 = Debug|Any CPU
		{24FE40D5-2A90-4D23-AC57-61E50398AFA5}.Release|Any CPU.ActiveCfg = Release|Any CPU
		{24FE40D5-2A90-4D23-AC57-61E50398AFA5}.Release|Any CPU.Build.0 = Release|Any CPU
	EndGlobalSection
	GlobalSection(SolutionProperties) = preSolution
		HideSolutionNode = FALSE
	EndGlobalSection
	GlobalSection(ExtensibilityGlobals) = postSolution
		SolutionGuid = {6C17BB24-E777-47C1-8CDA-90CC057FA8E2}
	EndGlobalSection
EndGlobal
